
Microsoft Visual Studio Solution File, Format Version 12.00
# Visual Studio Version 16
VisualStudioVersion = 16.0.30114.105
MinimumVisualStudioVersion = 10.0.40219.1
Project("{FAE04EC0-301F-11D3-BF4B-00C04F79EFBC}") = "Synsharp", "Synsharp\Synsharp.csproj", "{FC630B56-E28E-48F5-ACE3-984B998F2C61}"
EndProject
Project("{FAE04EC0-301F-11D3-BF4B-00C04F79EFBC}") = "Synsharp.Tests", "Synsharp.Tests\Synsharp.Tests.csproj", "{46F1A33D-6773-43A3-9247-4581272307F0}"
EndProject
Project("{FAE04EC0-301F-11D3-BF4B-00C04F79EFBC}") = "Synsharp.Console", "Synsharp.Console\Synsharp.Console.csproj", "{C4C35887-F0C2-4BC8-ACC8-5FCC9EE4CF5F}"
EndProject
Global
	GlobalSection(SolutionConfigurationPlatforms) = preSolution
		Debug|Any CPU = Debug|Any CPU
		Release|Any CPU = Release|Any CPU
	EndGlobalSection
	GlobalSection(SolutionProperties) = preSolution
		HideSolutionNode = FALSE
	EndGlobalSection
	GlobalSection(ProjectConfigurationPlatforms) = postSolution
		{FC630B56-E28E-48F5-ACE3-984B998F2C61}.Debug|Any CPU.ActiveCfg = Debug|Any CPU
		{FC630B56-E28E-48F5-ACE3-984B998F2C61}.Debug|Any CPU.Build.0 = Debug|Any CPU
		{FC630B56-E28E-48F5-ACE3-984B998F2C61}.Release|Any CPU.ActiveCfg = Release|Any CPU
		{FC630B56-E28E-48F5-ACE3-984B998F2C61}.Release|Any CPU.Build.0 = Release|Any CPU
		{46F1A33D-6773-43A3-9247-4581272307F0}.Debug|Any CPU.ActiveCfg = Debug|Any CPU
		{46F1A33D-6773-43A3-9247-4581272307F0}.Debug|Any CPU.Build.0 = Debug|Any CPU
		{46F1A33D-6773-43A3-9247-4581272307F0}.Release|Any CPU.ActiveCfg = Release|Any CPU
		{46F1A33D-6773-43A3-9247-4581272307F0}.Release|Any CPU.Build.0 = Release|Any CPU
		{C4C35887-F0C2-4BC8-ACC8-5FCC9EE4CF5F}.Debug|Any CPU.ActiveCfg = Debug|Any CPU
		{C4C35887-F0C2-4BC8-ACC8-5FCC9EE4CF5F}.Debug|Any CPU.Build.0 = Debug|Any CPU
		{C4C35887-F0C2-4BC8-ACC8-5FCC9EE4CF5F}.Release|Any CPU.ActiveCfg = Release|Any CPU
		{C4C35887-F0C2-4BC8-ACC8-5FCC9EE4CF5F}.Release|Any CPU.Build.0 = Release|Any CPU
	EndGlobalSection
EndGlobal
